
Microsoft Visual Studio Solution File, Format Version 12.00
# Visual Studio Version 17
VisualStudioVersion = 17.8.34322.80
MinimumVisualStudioVersion = 10.0.40219.1
Project("{FAE04EC0-301F-11D3-BF4B-00C04F79EFBC}") = "RegistroDeGastosPersonales", "RegistroDeGastosPersonales.csproj", "{77B1B15D-1F34-4513-9C73-C11D193779BF}"
EndProject
Global
	GlobalSection(SolutionConfigurationPlatforms) = preSolution
		Debug|Any CPU = Debug|Any CPU
		Release|Any CPU = Release|Any CPU
	EndGlobalSection
	GlobalSection(ProjectConfigurationPlatforms) = postSolution
		{77B1B15D-1F34-4513-9C73-C11D193779BF}.Debug|Any CPU.ActiveCfg = Debug|Any CPU
		{77B1B15D-1F34-4513-9C73-C11D193779BF}.Debug|Any CPU.Build.0 = Debug|Any CPU
		{77B1B15D-1F34-4513-9C73-C11D193779BF}.Release|Any CPU.ActiveCfg = Release|Any CPU
		{77B1B15D-1F34-4513-9C73-C11D193779BF}.Release|Any CPU.Build.0 = Release|Any CPU
	EndGlobalSection
	GlobalSection(SolutionProperties) = preSolution
		HideSolutionNode = FALSE
	EndGlobalSection
	GlobalSection(ExtensibilityGlobals) = postSolution
		SolutionGuid = {707B2978-6D01-4496-BADF-045876B5B50D}
	EndGlobalSection
EndGlobal
